github.com/edsrzf/mmap-go v1.0.0 h1:CEBF7HpRnUCSJgGUb5h1Gm7e3VkmVDrR8lvWVLtrOFw=
github.com/edsrzf/mmap-go v1.0.0/go.mod h1:YO35OhQPt3KJa3ryjFM5Bs14WD66h8eGKpfaBNrHW5M=
github.com/go-interpreter/wagon v0.6.0 h1:BBxDxjiJiHgw9EdkYXAWs8NHhwnazZ5P2EWBW5hFNWw=
github.com/go-interpreter/wagon v0.6.0/go.mod h1:5+b/MBYkclRZngKF5s6qrgWxSLgE9F5dFdO1hAueZLc=
github.com/google/pprof v0.0.0-20240727154555-813a5fbdbec8 h1:FKHo8hFI3A+7w0aUQuYXQ+6EN5stWmeY/AZqtM8xk9k=
github.com/google/pprof v0.0.0-20240727154555-813a5fbdbec8/go.mod h1:K1liHPHnj73Fdn/EKuT8nrFqBihUSKXoLYU0BuatOYo=
github.com/tinywasm/context v0.0.18 h1:uKeiAFo6L/PikGSbUu+xcyELGoa4kXomDNwJOlhxrUE=
github.com/tinywasm/context v0.0.18/go.mod h1:3AHZHMiiVZljEGNuYMaLM2OXdZ3bXjoMCmqx3sEGXsA=
github.com/tinywasm/devbrowser v0.4.2 h1:cwhUaQgj1GH57BhZNd4U6rOSuoBxQnUFAZOFsO7xW4U=
github.com/tinywasm/devbrowser v0.4.2/go.mod h1:D8lkVGbpiqW4TDD9wUD5iDhWemAYcMa1SF37usWpdXY=
github.com/tinywasm/fetch v0.1.24 h1:UynB2NPPgYrwcRx6ZujkRUTlfUUkNs60J0O63/1FmAs=
github.com/tinywasm/fetch v0.1.24/go.mod h1:Hx9bkdjC5fcf++EWjHKUzEn2OZpUbfoXNQV8tbdC5SI=
github.com/tinywasm/fmt v0.25.0 h1:cF9R0GsMKQbsZclSjIh8A5RBsoULrpzAV1IAz9U2DJU=
github.com/tinywasm/fmt v0.25.0/go.mod h1:L2GCAi6asgytPV6TVvGrRq5Ml+DkUt1Ijo5i/2J1jOY=
github.com/tinywasm/form v0.2.12 h1:GKE93MLaLuh1cZwPdWgI8NxwuszZdV6ePFbPQyUdiJk=
github.com/tinywasm/form v0.2.12/go.mod h1:kIoSeKtco/r3oj9YhdLdBldVNjYzQQjIGJWYfNpvKBk=
github.com/tinywasm/json v0.5.8 h1:z8c19JUozpj1HrMRP67eWpdkX8zOaXCL8AYgYbADNss=
github.com/tinywasm/json v0.5.8/go.mod h1:jHJY6T621NmnrqFn2ze3iaNcoMb9QWySetI30+jhFNg=
github.com/tinywasm/mcp v0.1.16 h1:/4PDwbKIZrXh0PXU4aMPIoSYU4oOH/S27JpYqQGxnQs=
github.com/tinywasm/mcp v0.1.16/go.mod h1:fs3T46XaV4cDzQs3Jwr60MKDkyeMUo30pqKSLpkzDqA=
github.com/tinywasm/model v0.0.2 h1:8+vWpve2ia4V+jBpTD5K25h6soNZ5fJsstalLQ2AWwo=
github.com/tinywasm/model v0.0.2/go.mod h1:X+zb1GzaP9gLXEFVi+GSmZ4H9+W0UQnN2K9KcxE7vTE=
github.com/tinywasm/router v0.1.3 h1:RMG7+6JaRjU6sYgkCxEWkxNV26fgFDP4tnUovPIfC6o=
github.com/tinywasm/router v0.1.3/go.mod h1:GuEC1pbuKvhxQLJ3yzKuYZj/hUih+ILl3T6NSrbdidw=
github.com/tinywasm/screenshot v0.0.1 h1:QKRkjU6NFeurYYAqGFL6Eyi3rTt4lbyJTGNQ17d7Zjg=
github.com/tinywasm/screenshot v0.0.1/go.mod h1:EC/RxJDtjMhks4kiurJp5Ns6Z0Bia4RnS6d+9Ci6Gko=
github.com/tinywasm/time v0.5.0 h1:M17DNgKrMYfkCK42V6miL9AcwfN/FHghbKOSTXJrkMo=
github.com/tinywasm/time v0.5.0/go.mod h1:vxGAkKA40im4ObiTS6hcsJYiIsVVLSz/A63JC/+TwvA=
github.com/tinywasm/unixid v0.2.23 h1:Lp/TER0RwbaT7EcHbQNzXj9LOGA2VD8rC8XLYmxJBc0=
github.com/tinywasm/unixid v0.2.23/go.mod h1:5KPbI26CrW8S7rgMS46gqlLKTYPno3QH49GSB5NSLMU=
github.com/twitchyliquid64/golang-asm v0.0.0-20190126203739-365674df15fc h1:RTUQlKzoZZVG3umWNzOYeFecQLIh+dbxXvJp1zPQJTI=
github.com/twitchyliquid64/golang-asm v0.0.0-20190126203739-365674df15fc/go.mod h1:NoCfSFWosfqMqmmD7hApkirIK9ozpHjxRnRxs1l413A=
golang.org/x/sys v0.0.0-20190306220234-b354f8bf4d9e/go.mod h1:STP8DvDyc/dI5b8T5hshtkjS+E42TnysNCUPdjciGhY=
golang.org/x/sys v0.34.0 h1:H5Y5sJ2L2JRdyv7ROF1he/lPdvFsd0mJHFw2ThKHxLA=
golang.org/x/sys v0.34.0/go.mod h1:BJP2sWEmIv4KK5OTEluFJCKSidICx8ciO85XgH3Ak8k=
