github.com/edsrzf/mmap-go v1.0.0 h1:CEBF7HpRnUCSJgGUb5h1Gm7e3VkmVDrR8lvWVLtrOFw=
github.com/edsrzf/mmap-go v1.0.0/go.mod h1:YO35OhQPt3KJa3ryjFM5Bs14WD66h8eGKpfaBNrHW5M=
github.com/go-interpreter/wagon v0.6.0 h1:BBxDxjiJiHgw9EdkYXAWs8NHhwnazZ5P2EWBW5hFNWw=
github.com/go-interpreter/wagon v0.6.0/go.mod h1:5+b/MBYkclRZngKF5s6qrgWxSLgE9F5dFdO1hAueZLc=
github.com/google/pprof v0.0.0-20240727154555-813a5fbdbec8 h1:FKHo8hFI3A+7w0aUQuYXQ+6EN5stWmeY/AZqtM8xk9k=
github.com/google/pprof v0.0.0-20240727154555-813a5fbdbec8/go.mod h1:K1liHPHnj73Fdn/EKuT8nrFqBihUSKXoLYU0BuatOYo=
github.com/tinywasm/context v0.0.18 h1:uKeiAFo6L/PikGSbUu+xcyELGoa4kXomDNwJOlhxrUE=
github.com/tinywasm/context v0.0.18/go.mod h1:3AHZHMiiVZljEGNuYMaLM2OXdZ3bXjoMCmqx3sEGXsA=
github.com/tinywasm/devbrowser v0.4.1 h1:i0Plfq3YTLODAhXr4TpvUY+M6yBm9wpA9sxw3OhM790=
github.com/tinywasm/devbrowser v0.4.1/go.mod h1:yLCp6JwnUCVeImoJha1ADlhOLdsHONYOeAjqLAGyDRA=
github.com/tinywasm/fetch v0.1.24 h1:UynB2NPPgYrwcRx6ZujkRUTlfUUkNs60J0O63/1FmAs=
github.com/tinywasm/fetch v0.1.24/go.mod h1:Hx9bkdjC5fcf++EWjHKUzEn2OZpUbfoXNQV8tbdC5SI=
github.com/tinywasm/fmt v0.24.6 h1:hdj/49rp3Vr/Ub+ICUb3BbEwo0R4a+8/8nJPnRPsEVQ=
github.com/tinywasm/fmt v0.24.6/go.mod h1:L2GCAi6asgytPV6TVvGrRq5Ml+DkUt1Ijo5i/2J1jOY=
github.com/tinywasm/form v0.2.11 h1:GHY62oVzEZYPpmdZbF+uoIThA/K1/IhvHo4yxlr9Rdw=
github.com/tinywasm/form v0.2.11/go.mod h1:ei9Jtp/s+X/N9cJDLdJTcM2ILTbv7X42rUcsbhCjy/4=
github.com/tinywasm/json v0.5.6 h1:pmIgQuQLV8kSqM8KQPLb/zHRJAfEJumFbNYcz1k+2wU=
github.com/tinywasm/json v0.5.6/go.mod h1:cHfXpthSSgsUOQtFXk+ZoxTey3cC2JfQ/n9A1WvBW6Y=
github.com/tinywasm/mcp v0.1.15 h1:fsTmWoW7xeowoOdd9rPh9Fi7GPzGj4/wU30vLlkorpw=
github.com/tinywasm/mcp v0.1.15/go.mod h1:IE3v5CuyfBUHMGipnKZ982S0MayPvJHlyOPMQe6+kU4=
github.com/tinywasm/router v0.1.2 h1:fNVAQd1xW+p+jl73iDi6rpQj/T1p8fY9eTk+dXsTgUg=
github.com/tinywasm/router v0.1.2/go.mod h1:sQCavyES0kkFPgsazQ0Tqapiw2FhwHeB+biBO6wTVt0=
github.com/tinywasm/screenshot v0.0.1 h1:QKRkjU6NFeurYYAqGFL6Eyi3rTt4lbyJTGNQ17d7Zjg=
github.com/tinywasm/screenshot v0.0.1/go.mod h1:EC/RxJDtjMhks4kiurJp5Ns6Z0Bia4RnS6d+9Ci6Gko=
github.com/tinywasm/time v0.5.0 h1:M17DNgKrMYfkCK42V6miL9AcwfN/FHghbKOSTXJrkMo=
github.com/tinywasm/time v0.5.0/go.mod h1:vxGAkKA40im4ObiTS6hcsJYiIsVVLSz/A63JC/+TwvA=
github.com/tinywasm/unixid v0.2.23 h1:Lp/TER0RwbaT7EcHbQNzXj9LOGA2VD8rC8XLYmxJBc0=
github.com/tinywasm/unixid v0.2.23/go.mod h1:5KPbI26CrW8S7rgMS46gqlLKTYPno3QH49GSB5NSLMU=
github.com/twitchyliquid64/golang-asm v0.0.0-20190126203739-365674df15fc h1:RTUQlKzoZZVG3umWNzOYeFecQLIh+dbxXvJp1zPQJTI=
github.com/twitchyliquid64/golang-asm v0.0.0-20190126203739-365674df15fc/go.mod h1:NoCfSFWosfqMqmmD7hApkirIK9ozpHjxRnRxs1l413A=
golang.org/x/sys v0.0.0-20190306220234-b354f8bf4d9e/go.mod h1:STP8DvDyc/dI5b8T5hshtkjS+E42TnysNCUPdjciGhY=
golang.org/x/sys v0.34.0 h1:H5Y5sJ2L2JRdyv7ROF1he/lPdvFsd0mJHFw2ThKHxLA=
golang.org/x/sys v0.34.0/go.mod h1:BJP2sWEmIv4KK5OTEluFJCKSidICx8ciO85XgH3Ak8k=
